
Microsoft Visual Studio Solution File, Format Version 12.00
# Visual Studio Version 17
VisualStudioVersion = 17.8.34330.188
MinimumVisualStudioVersion = 10.0.40219.1
Project("{FAE04EC0-301F-11D3-BF4B-00C04F79EFBC}") = "CaptureStation 3", "CaptureStation 3\CaptureStation 3.csproj", "{6ECAA0FD-381A-4419-83B3-8CF1090EEE63}"
EndProject
Global
	GlobalSection(SolutionConfigurationPlatforms) = preSolution
		Debug|Any CPU = Debug|Any CPU
		Release|Any CPU = Release|Any CPU
	EndGlobalSection
	GlobalSection(ProjectConfigurationPlatforms) = postSolution
		{6ECAA0FD-381A-4419-83B3-8CF1090EEE63}.Debug|Any CPU.ActiveCfg = Debug|Any CPU
		{6ECAA0FD-381A-4419-83B3-8CF1090EEE63}.Debug|Any CPU.Build.0 = Debug|Any CPU
		{6ECAA0FD-381A-4419-83B3-8CF1090EEE63}.Release|Any CPU.ActiveCfg = Release|Any CPU
		{6ECAA0FD-381A-4419-83B3-8CF1090EEE63}.Release|Any CPU.Build.0 = Release|Any CPU
	EndGlobalSection
	GlobalSection(SolutionProperties) = preSolution
		HideSolutionNode = FALSE
	EndGlobalSection
	GlobalSection(ExtensibilityGlobals) = postSolution
		SolutionGuid = {9B336D9B-B00A-4B36-BC23-B8555D6ADA54}
	EndGlobalSection
EndGlobal
